// !$*UTF8*$!
{
	archiveVersion = 1;
	classes = {
	};
	objectVersion = 50;
	objects = {

/* Begin PBXBuildFile section */
		1F0C77BF25800C2300081407 /* DadJokeIOSApp.swift in Sources */ = {isa = PBXBuildFile; fileRef = 1F0C77BE25800C2300081407 /* DadJokeIOSApp.swift */; };
		1F0C77C125800C2300081407 /* ContentView.swift in Sources */ = {isa = PBXBuildFile; fileRef = 1F0C77C025800C2300081407 /* ContentView.swift */; };
		1F0C77C325800C2700081407 /* Assets.xcassets in Resources */ = {isa = PBXBuildFile; fileRef = 1F0C77C225800C2700081407 /* Assets.xcassets */; };
		1F0C77C625800C2700081407 /* Preview Assets.xcassets in Resources */ = {isa = PBXBuildFile; fileRef = 1F0C77C525800C2700081407 /* Preview Assets.xcassets */; };
		1F0C77D125800C2700081407 /* DadJokeIOSTests.swift in Sources */ = {isa = PBXBuildFile; fileRef = 1F0C77D025800C2700081407 /* DadJokeIOSTests.swift */; };
		1F0C77DC25800C2700081407 /* DadJokeIOSUITests.swift in Sources */ = {isa = PBXBuildFile; fileRef = 1F0C77DB25800C2700081407 /* DadJokeIOSUITests.swift */; };
/* End PBXBuildFile section */

/* Begin PBXContainerItemProxy section */
		1F0C77CD25800C2700081407 /* PBXContainerItemProxy */ = {
			isa = PBXContainerItemProxy;
			containerPortal = 1F0C77B325800C2300081407 /* Project object */;
			proxyType = 1;
			remoteGlobalIDString = 1F0C77BA25800C2300081407;
			remoteInfo = DadJokeIOS;
		};
		1F0C77D825800C2700081407 /* PBXContainerItemProxy */ = {
			isa = PBXContainerItemProxy;
			containerPortal = 1F0C77B325800C2300081407 /* Project object */;
			proxyType = 1;
			remoteGlobalIDString = 1F0C77BA25800C2300081407;
			remoteInfo = DadJokeIOS;
		};
/* End PBXContainerItemProxy section */

/* Begin PBXFileReference section */
		1F0C77BB25800C2300081407 /* DadJokeIOS.app */ = {isa = PBXFileReference; explicitFileType = wrapper.application; includeInIndex = 0; path = DadJokeIOS.app; sourceTree = BUILT_PRODUCTS_DIR; };
		1F0C77BE25800C2300081407 /* DadJokeIOSApp.swift */ = {isa = PBXFileReference; lastKnownFileType = sourcecode.swift; path = DadJokeIOSApp.swift; sourceTree = "<group>"; };
		1F0C77C025800C2300081407 /* ContentView.swift */ = {isa = PBXFileReference; lastKnownFileType = sourcecode.swift; path = ContentView.swift; sourceTree = "<group>"; };
		1F0C77C225800C2700081407 /* Assets.xcassets */ = {isa = PBXFileReference; lastKnownFileType = folder.assetcatalog; path = Assets.xcassets; sourceTree = "<group>"; };
		1F0C77C525800C2700081407 /* Preview Assets.xcassets */ = {isa = PBXFileReference; lastKnownFileType = folder.assetcatalog; path = "Preview Assets.xcassets"; sourceTree = "<group>"; };
		1F0C77C725800C2700081407 /* Info.plist */ = {isa = PBXFileReference; lastKnownFileType = text.plist.xml; path = Info.plist; sourceTree = "<group>"; };
		1F0C77CC25800C2700081407 /* DadJokeIOSTests.xctest */ = {isa = PBXFileReference; explicitFileType = wrapper.cfbundle; includeInIndex = 0; path = DadJokeIOSTests.xctest; sourceTree = BUILT_PRODUCTS_DIR; };
		1F0C77D025800C2700081407 /* DadJokeIOSTests.swift */ = {isa = PBXFileReference; lastKnownFileType = sourcecode.swift; path = DadJokeIOSTests.swift; sourceTree = "<group>"; };
		1F0C77D225800C2700081407 /* Info.plist */ = {isa = PBXFileReference; lastKnownFileType = text.plist.xml; path = Info.plist; sourceTree = "<group>"; };
		1F0C77D725800C2700081407 /* DadJokeIOSUITests.xctest */ = {isa = PBXFileReference; explicitFileType = wrapper.cfbundle; includeInIndex = 0; path = DadJokeIOSUITests.xctest; sourceTree = BUILT_PRODUCTS_DIR; };
		1F0C77DB25800C2700081407 /* DadJokeIOSUITests.swift */ = {isa = PBXFileReference; lastKnownFileType = sourcecode.swift; path = DadJokeIOSUITests.swift; sourceTree = "<group>"; };
		1F0C77DD25800C2700081407 /* Info.plist */ = {isa = PBXFileReference; lastKnownFileType = text.plist.xml; path = Info.plist; sourceTree = "<group>"; };
/* End PBXFileReference section */

/* Begin PBXFrameworksBuildPhase section */
		1F0C77B825800C2300081407 /* Frameworks */ = {
			isa = PBXFrameworksBuildPhase;
			buildActionMask = 2147483647;
			files = (
			);
			runOnlyForDeploymentPostprocessing = 0;
		};
		1F0C77C925800C2700081407 /* Frameworks */ = {
			isa = PBXFrameworksBuildPhase;
			buildActionMask = 2147483647;
			files = (
			);
			runOnlyForDeploymentPostprocessing = 0;
		};
		1F0C77D425800C2700081407 /* Frameworks */ = {
			isa = PBXFrameworksBuildPhase;
			buildActionMask = 2147483647;
			files = (
			);
			runOnlyForDeploymentPostprocessing = 0;
		};
/* End PBXFrameworksBuildPhase section */

/* Begin PBXGroup section */
		1F0C77B225800C2300081407 = {
			isa = PBXGroup;
			children = (
				1F0C77BD25800C2300081407 /* DadJokeIOS */,
				1F0C77CF25800C2700081407 /* DadJokeIOSTests */,
				1F0C77DA25800C2700081407 /* DadJokeIOSUITests */,
				1F0C77BC25800C2300081407 /* Products */,
			);
			sourceTree = "<group>";
		};
		1F0C77BC25800C2300081407 /* Products */ = {
			isa = PBXGroup;
			children = (
				1F0C77BB25800C2300081407 /* DadJokeIOS.app */,
				1F0C77CC25800C2700081407 /* DadJokeIOSTests.xctest */,
				1F0C77D725800C2700081407 /* DadJokeIOSUITests.xctest */,
			);
			name = Products;
			sourceTree = "<group>";
		};
		1F0C77BD25800C2300081407 /* DadJokeIOS */ = {
			isa = PBXGroup;
			children = (
				1F0C77BE25800C2300081407 /* DadJokeIOSApp.swift */,
				1F0C77C025800C2300081407 /* ContentView.swift */,
				1F0C77C225800C2700081407 /* Assets.xcassets */,
				1F0C77C725800C2700081407 /* Info.plist */,
				1F0C77C425800C2700081407 /* Preview Content */,
			);
			path = DadJokeIOS;
			sourceTree = "<group>";
		};
		1F0C77C425800C2700081407 /* Preview Content */ = {
			isa = PBXGroup;
			children = (
				1F0C77C525800C2700081407 /* Preview Assets.xcassets */,
			);
			path = "Preview Content";
			sourceTree = "<group>";
		};
		1F0C77CF25800C2700081407 /* DadJokeIOSTests */ = {
			isa = PBXGroup;
			children = (
				1F0C77D025800C2700081407 /* DadJokeIOSTests.swift */,
				1F0C77D225800C2700081407 /* Info.plist */,
			);
			path = DadJokeIOSTests;
			sourceTree = "<group>";
		};
		1F0C77DA25800C2700081407 /* DadJokeIOSUITests */ = {
			isa = PBXGroup;
			children = (
				1F0C77DB25800C2700081407 /* DadJokeIOSUITests.swift */,
				1F0C77DD25800C2700081407 /* Info.plist */,
			);
			path = DadJokeIOSUITests;
			sourceTree = "<group>";
		};
/* End PBXGroup section */

/* Begin PBXNativeTarget section */
		1F0C77BA25800C2300081407 /* DadJokeIOS */ = {
			isa = PBXNativeTarget;
			buildConfigurationList = 1F0C77E025800C2700081407 /* Build configuration list for PBXNativeTarget "DadJokeIOS" */;
			buildPhases = (
				1F0C77B725800C2300081407 /* Sources */,
				1F0C77B825800C2300081407 /* Frameworks */,
				1F0C77B925800C2300081407 /* Resources */,
			);
			buildRules = (
			);
			dependencies = (
			);
			name = DadJokeIOS;
			productName = DadJokeIOS;
			productReference = 1F0C77BB25800C2300081407 /* DadJokeIOS.app */;
			productType = "com.apple.product-type.application";
		};
		1F0C77CB25800C2700081407 /* DadJokeIOSTests */ = {
			isa = PBXNativeTarget;
			buildConfigurationList = 1F0C77E325800C2700081407 /* Build configuration list for PBXNativeTarget "DadJokeIOSTests" */;
			buildPhases = (
				1F0C77C825800C2700081407 /* Sources */,
				1F0C77C925800C2700081407 /* Frameworks */,
				1F0C77CA25800C2700081407 /* Resources */,
			);
			buildRules = (
			);
			dependencies = (
				1F0C77CE25800C2700081407 /* PBXTargetDependency */,
			);
			name = DadJokeIOSTests;
			productName = DadJokeIOSTests;
			productReference = 1F0C77CC25800C2700081407 /* DadJokeIOSTests.xctest */;
			productType = "com.apple.product-type.bundle.unit-test";
		};
		1F0C77D625800C2700081407 /* DadJokeIOSUITests */ = {
			isa = PBXNativeTarget;
			buildConfigurationList = 1F0C77E625800C2700081407 /* Build configuration list for PBXNativeTarget "DadJokeIOSUITests" */;
			buildPhases = (
				1F0C77D325800C2700081407 /* Sources */,
				1F0C77D425800C2700081407 /* Frameworks */,
				1F0C77D525800C2700081407 /* Resources */,
			);
			buildRules = (
			);
			dependencies = (
				1F0C77D925800C2700081407 /* PBXTargetDependency */,
			);
			name = DadJokeIOSUITests;
			productName = DadJokeIOSUITests;
			productReference = 1F0C77D725800C2700081407 /* DadJokeIOSUITests.xctest */;
			productType = "com.apple.product-type.bundle.ui-testing";
		};
/* End PBXNativeTarget section */

/* Begin PBXProject section */
		1F0C77B325800C2300081407 /* Project object */ = {
			isa = PBXProject;
			attributes = {
				LastSwiftUpdateCheck = 1210;
				LastUpgradeCheck = 1210;
				TargetAttributes = {
					1F0C77BA25800C2300081407 = {
						CreatedOnToolsVersion = 12.1;
					};
					1F0C77CB25800C2700081407 = {
						CreatedOnToolsVersion = 12.1;
						TestTargetID = 1F0C77BA25800C2300081407;
					};
					1F0C77D625800C2700081407 = {
						CreatedOnToolsVersion = 12.1;
						TestTargetID = 1F0C77BA25800C2300081407;
					};
				};
			};
			buildConfigurationList = 1F0C77B625800C2300081407 /* Build configuration list for PBXProject "DadJokeIOS" */;
			compatibilityVersion = "Xcode 9.3";
			developmentRegion = en;
			hasScannedForEncodings = 0;
			knownRegions = (
				en,
				Base,
			);
			mainGroup = 1F0C77B225800C2300081407;
			productRefGroup = 1F0C77BC25800C2300081407 /* Products */;
			projectDirPath = "";
			projectRoot = "";
			targets = (
				1F0C77BA25800C2300081407 /* DadJokeIOS */,
				1F0C77CB25800C2700081407 /* DadJokeIOSTests */,
				1F0C77D625800C2700081407 /* DadJokeIOSUITests */,
			);
		};
/* End PBXProject section */

/* Begin PBXResourcesBuildPhase section */
		1F0C77B925800C2300081407 /* Resources */ = {
			isa = PBXResourcesBuildPhase;
			buildActionMask = 2147483647;
			files = (
				1F0C77C625800C2700081407 /* Preview Assets.xcassets in Resources */,
				1F0C77C325800C2700081407 /* Assets.xcassets in Resources */,
			);
			runOnlyForDeploymentPostprocessing = 0;
		};
		1F0C77CA25800C2700081407 /* Resources */ = {
			isa = PBXResourcesBuildPhase;
			buildActionMask = 2147483647;
			files = (
			);
			runOnlyForDeploymentPostprocessing = 0;
		};
		1F0C77D525800C2700081407 /* Resources */ = {
			isa = PBXResourcesBuildPhase;
			buildActionMask = 2147483647;
			files = (
			);
			runOnlyForDeploymentPostprocessing = 0;
		};
/* End PBXResourcesBuildPhase section */

/* Begin PBXSourcesBuildPhase section */
		1F0C77B725800C2300081407 /* Sources */ = {
			isa = PBXSourcesBuildPhase;
			buildActionMask = 2147483647;
			files = (
				1F0C77C125800C2300081407 /* ContentView.swift in Sources */,
				1F0C77BF25800C2300081407 /* DadJokeIOSApp.swift in Sources */,
			);
			runOnlyForDeploymentPostprocessing = 0;
		};
		1F0C77C825800C2700081407 /* Sources */ = {
			isa = PBXSourcesBuildPhase;
			buildActionMask = 2147483647;
			files = (
				1F0C77D125800C2700081407 /* DadJokeIOSTests.swift in Sources */,
			);
			runOnlyForDeploymentPostprocessing = 0;
		};
		1F0C77D325800C2700081407 /* Sources */ = {
			isa = PBXSourcesBuildPhase;
			buildActionMask = 2147483647;
			files = (
				1F0C77DC25800C2700081407 /* DadJokeIOSUITests.swift in Sources */,
			);
			runOnlyForDeploymentPostprocessing = 0;
		};
/* End PBXSourcesBuildPhase section */

/* Begin PBXTargetDependency section */
		1F0C77CE25800C2700081407 /* PBXTargetDependency */ = {
			isa = PBXTargetDependency;
			target = 1F0C77BA25800C2300081407 /* DadJokeIOS */;
			targetProxy = 1F0C77CD25800C2700081407 /* PBXContainerItemProxy */;
		};
		1F0C77D925800C2700081407 /* PBXTargetDependency */ = {
			isa = PBXTargetDependency;
			target = 1F0C77BA25800C2300081407 /* DadJokeIOS */;
			targetProxy = 1F0C77D825800C2700081407 /* PBXContainerItemProxy */;
		};
/* End PBXTargetDependency section */

/* Begin XCBuildConfiguration section */
		1F0C77DE25800C2700081407 /* Debug */ = {
			isa = XCBuildConfiguration;
			buildSettings = {
				ALWAYS_SEARCH_USER_PATHS = NO;
				CLANG_ANALYZER_NONNULL = YES;
				CLANG_ANALYZER_NUMBER_OBJECT_CONVERSION = YES_AGGRESSIVE;
				CLANG_CXX_LANGUAGE_STANDARD = "gnu++14";
				CLANG_CXX_LIBRARY = "libc++";
				CLANG_ENABLE_MODULES = YES;
				CLANG_ENABLE_OBJC_ARC = YES;
				CLANG_ENABLE_OBJC_WEAK = YES;
				CLANG_WARN_BLOCK_CAPTURE_AUTORELEASING = YES;
				CLANG_WARN_BOOL_CONVERSION = YES;
				CLANG_WARN_COMMA = YES;
				CLANG_WARN_CONSTANT_CONVERSION = YES;
				CLANG_WARN_DEPRECATED_OBJC_IMPLEMENTATIONS = YES;
				CLANG_WARN_DIRECT_OBJC_ISA_USAGE = YES_ERROR;
				CLANG_WARN_DOCUMENTATION_COMMENTS = YES;
				CLANG_WARN_EMPTY_BODY = YES;
				CLANG_WARN_ENUM_CONVERSION = YES;
				CLANG_WARN_INFINITE_RECURSION = YES;
				CLANG_WARN_INT_CONVERSION = YES;
				CLANG_WARN_NON_LITERAL_NULL_CONVERSION = YES;
				CLANG_WARN_OBJC_IMPLICIT_RETAIN_SELF = YES;
				CLANG_WARN_OBJC_LITERAL_CONVERSION = YES;
				CLANG_WARN_OBJC_ROOT_CLASS = YES_ERROR;
				CLANG_WARN_QUOTED_INCLUDE_IN_FRAMEWORK_HEADER = YES;
				CLANG_WARN_RANGE_LOOP_ANALYSIS = YES;
				CLANG_WARN_STRICT_PROTOTYPES = YES;
				CLANG_WARN_SUSPICIOUS_MOVE = YES;
				CLANG_WARN_UNGUARDED_AVAILABILITY = YES_AGGRESSIVE;
				CLANG_WARN_UNREACHABLE_CODE = YES;
				CLANG_WARN__DUPLICATE_METHOD_MATCH = YES;
				COPY_PHASE_STRIP = NO;
				DEBUG_INFORMATION_FORMAT = dwarf;
				ENABLE_STRICT_OBJC_MSGSEND = YES;
				ENABLE_TESTABILITY = YES;
				GCC_C_LANGUAGE_STANDARD = gnu11;
				GCC_DYNAMIC_NO_PIC = NO;
				GCC_NO_COMMON_BLOCKS = YES;
				GCC_OPTIMIZATION_LEVEL = 0;
				GCC_PREPROCESSOR_DEFINITIONS = (
					"DEBUG=1",
					"$(inherited)",
				);
				GCC_WARN_64_TO_32_BIT_CONVERSION = YES;
				GCC_WARN_ABOUT_RETURN_TYPE = YES_ERROR;
				GCC_WARN_UNDECLARED_SELECTOR = YES;
				GCC_WARN_UNINITIALIZED_AUTOS = YES_AGGRESSIVE;
				GCC_WARN_UNUSED_FUNCTION = YES;
				GCC_WARN_UNUSED_VARIABLE = YES;
				IPHONEOS_DEPLOYMENT_TARGET = 14.1;
				MTL_ENABLE_DEBUG_INFO = INCLUDE_SOURCE;
				MTL_FAST_MATH = YES;
				ONLY_ACTIVE_ARCH = YES;
				SDKROOT = iphoneos;
				SWIFT_ACTIVE_COMPILATION_CONDITIONS = DEBUG;
				SWIFT_OPTIMIZATION_LEVEL = "-Onone";
			};
			name = Debug;
		};
		1F0C77DF25800C2700081407 /* Release */ = {
			isa = XCBuildConfiguration;
			buildSettings = {
				ALWAYS_SEARCH_USER_PATHS = NO;
				CLANG_ANALYZER_NONNULL = YES;
				CLANG_ANALYZER_NUMBER_OBJECT_CONVERSION = YES_AGGRESSIVE;
				CLANG_CXX_LANGUAGE_STANDARD = "gnu++14";
				CLANG_CXX_LIBRARY = "libc++";
				CLANG_ENABLE_MODULES = YES;
				CLANG_ENABLE_OBJC_ARC = YES;
				CLANG_ENABLE_OBJC_WEAK = YES;
				CLANG_WARN_BLOCK_CAPTURE_AUTORELEASING = YES;
				CLANG_WARN_BOOL_CONVERSION = YES;
				CLANG_WARN_COMMA = YES;
				CLANG_WARN_CONSTANT_CONVERSION = YES;
				CLANG_WARN_DEPRECATED_OBJC_IMPLEMENTATIONS = YES;
				CLANG_WARN_DIRECT_OBJC_ISA_USAGE = YES_ERROR;
				CLANG_WARN_DOCUMENTATION_COMMENTS = YES;
				CLANG_WARN_EMPTY_BODY = YES;
				CLANG_WARN_ENUM_CONVERSION = YES;
				CLANG_WARN_INFINITE_RECURSION = YES;
				CLANG_WARN_INT_CONVERSION = YES;
				CLANG_WARN_NON_LITERAL_NULL_CONVERSION = YES;
				CLANG_WARN_OBJC_IMPLICIT_RETAIN_SELF = YES;
				CLANG_WARN_OBJC_LITERAL_CONVERSION = YES;
				CLANG_WARN_OBJC_ROOT_CLASS = YES_ERROR;
				CLANG_WARN_QUOTED_INCLUDE_IN_FRAMEWORK_HEADER = YES;
				CLANG_WARN_RANGE_LOOP_ANALYSIS = YES;
				CLANG_WARN_STRICT_PROTOTYPES = YES;
				CLANG_WARN_SUSPICIOUS_MOVE = YES;
				CLANG_WARN_UNGUARDED_AVAILABILITY = YES_AGGRESSIVE;
				CLANG_WARN_UNREACHABLE_CODE = YES;
				CLANG_WARN__DUPLICATE_METHOD_MATCH = YES;
				COPY_PHASE_STRIP = NO;
				DEBUG_INFORMATION_FORMAT = "dwarf-with-dsym";
				ENABLE_NS_ASSERTIONS = NO;
				ENABLE_STRICT_OBJC_MSGSEND = YES;
				GCC_C_LANGUAGE_STANDARD = gnu11;
				GCC_NO_COMMON_BLOCKS = YES;
				GCC_WARN_64_TO_32_BIT_CONVERSION = YES;
				GCC_WARN_ABOUT_RETURN_TYPE = YES_ERROR;
				GCC_WARN_UNDECLARED_SELECTOR = YES;
				GCC_WARN_UNINITIALIZED_AUTOS = YES_AGGRESSIVE;
				GCC_WARN_UNUSED_FUNCTION = YES;
				GCC_WARN_UNUSED_VARIABLE = YES;
				IPHONEOS_DEPLOYMENT_TARGET = 14.1;
				MTL_ENABLE_DEBUG_INFO = NO;
				MTL_FAST_MATH = YES;
				SDKROOT = iphoneos;
				SWIFT_COMPILATION_MODE = wholemodule;
				SWIFT_OPTIMIZATION_LEVEL = "-O";
				VALIDATE_PRODUCT = YES;
			};
			name = Release;
		};
		1F0C77E125800C2700081407 /* Debug */ = {
			isa = XCBuildConfiguration;
			buildSettings = {
				ASSETCATALOG_COMPILER_APPICON_NAME = AppIcon;
				ASSETCATALOG_COMPILER_GLOBAL_ACCENT_COLOR_NAME = AccentColor;
				CODE_SIGN_STYLE = Automatic;
				DEVELOPMENT_ASSET_PATHS = "\"DadJokeIOS/Preview Content\"";
				DEVELOPMENT_TEAM = 3Z7L7VS352;
				ENABLE_PREVIEWS = YES;
				INFOPLIST_FILE = DadJokeIOS/Info.plist;
				IPHONEOS_DEPLOYMENT_TARGET = 14.0;
				LD_RUNPATH_SEARCH_PATHS = (
					"$(inherited)",
					"@executable_path/Frameworks",
				);
				PRODUCT_BUNDLE_IDENTIFIER = ca.andreasliebich.DadJokeIOS;
				PRODUCT_NAME = "$(TARGET_NAME)";
				SWIFT_VERSION = 5.0;
				TARGETED_DEVICE_FAMILY = "1,2";
			};
			name = Debug;
		};
		1F0C77E225800C2700081407 /* Release */ = {
			isa = XCBuildConfiguration;
			buildSettings = {
				ASSETCATALOG_COMPILER_APPICON_NAME = AppIcon;
				ASSETCATALOG_COMPILER_GLOBAL_ACCENT_COLOR_NAME = AccentColor;
				CODE_SIGN_STYLE = Automatic;
				DEVELOPMENT_ASSET_PATHS = "\"DadJokeIOS/Preview Content\"";
				DEVELOPMENT_TEAM = 3Z7L7VS352;
				ENABLE_PREVIEWS = YES;
				INFOPLIST_FILE = DadJokeIOS/Info.plist;
				IPHONEOS_DEPLOYMENT_TARGET = 14.0;
				LD_RUNPATH_SEARCH_PATHS = (
					"$(inherited)",
					"@executable_path/Frameworks",
				);
				PRODUCT_BUNDLE_IDENTIFIER = ca.andreasliebich.DadJokeIOS;
				PRODUCT_NAME = "$(TARGET_NAME)";
				SWIFT_VERSION = 5.0;
				TARGETED_DEVICE_FAMILY = "1,2";
			};
			name = Release;
		};
		1F0C77E425800C2700081407 /* Debug */ = {
			isa = XCBuildConfiguration;
			buildSettings = {
				ALWAYS_EMBED_SWIFT_STANDARD_LIBRARIES = YES;
				BUNDLE_LOADER = "$(TEST_HOST)";
				CODE_SIGN_STYLE = Automatic;
				DEVELOPMENT_TEAM = 3Z7L7VS352;
				INFOPLIST_FILE = DadJokeIOSTests/Info.plist;
				IPHONEOS_DEPLOYMENT_TARGET = 14.0;
				LD_RUNPATH_SEARCH_PATHS = (
					"$(inherited)",
					"@executable_path/Frameworks",
					"@loader_path/Frameworks",
				);
				PRODUCT_BUNDLE_IDENTIFIER = ca.andreasliebich.DadJokeIOSTests;
				PRODUCT_NAME = "$(TARGET_NAME)";
				SWIFT_VERSION = 5.0;
				TARGETED_DEVICE_FAMILY = "1,2";
				TEST_HOST = "$(BUILT_PRODUCTS_DIR)/DadJokeIOS.app/DadJokeIOS";
			};
			name = Debug;
		};
		1F0C77E525800C2700081407 /* Release */ = {
			isa = XCBuildConfiguration;
			buildSettings = {
				ALWAYS_EMBED_SWIFT_STANDARD_LIBRARIES = YES;
				BUNDLE_LOADER = "$(TEST_HOST)";
				CODE_SIGN_STYLE = Automatic;
				DEVELOPMENT_TEAM = 3Z7L7VS352;
				INFOPLIST_FILE = DadJokeIOSTests/Info.plist;
				IPHONEOS_DEPLOYMENT_TARGET = 14.0;
				LD_RUNPATH_SEARCH_PATHS = (
					"$(inherited)",
					"@executable_path/Frameworks",
					"@loader_path/Frameworks",
				);
				PRODUCT_BUNDLE_IDENTIFIER = ca.andreasliebich.DadJokeIOSTests;
				PRODUCT_NAME = "$(TARGET_NAME)";
				SWIFT_VERSION = 5.0;
				TARGETED_DEVICE_FAMILY = "1,2";
				TEST_HOST = "$(BUILT_PRODUCTS_DIR)/DadJokeIOS.app/DadJokeIOS";
			};
			name = Release;
		};
		1F0C77E725800C2700081407 /* Debug */ = {
			isa = XCBuildConfiguration;
			buildSettings = {
				ALWAYS_EMBED_SWIFT_STANDARD_LIBRARIES = YES;
				CODE_SIGN_STYLE = Automatic;
				DEVELOPMENT_TEAM = 3Z7L7VS352;
				INFOPLIST_FILE = DadJokeIOSUITests/Info.plist;
				LD_RUNPATH_SEARCH_PATHS = (
					"$(inherited)",
					"@executable_path/Frameworks",
					"@loader_path/Frameworks",
				);
				PRODUCT_BUNDLE_IDENTIFIER = ca.andreasliebich.DadJokeIOSUITests;
				PRODUCT_NAME = "$(TARGET_NAME)";
				SWIFT_VERSION = 5.0;
				TARGETED_DEVICE_FAMILY = "1,2";
				TEST_TARGET_NAME = DadJokeIOS;
			};
			name = Debug;
		};
		1F0C77E825800C2700081407 /* Release */ = {
			isa = XCBuildConfiguration;
			buildSettings = {
				ALWAYS_EMBED_SWIFT_STANDARD_LIBRARIES = YES;
				CODE_SIGN_STYLE = Automatic;
				DEVELOPMENT_TEAM = 3Z7L7VS352;
				INFOPLIST_FILE = DadJokeIOSUITests/Info.plist;
				LD_RUNPATH_SEARCH_PATHS = (
					"$(inherited)",
					"@executable_path/Frameworks",
					"@loader_path/Frameworks",
				);
				PRODUCT_BUNDLE_IDENTIFIER = ca.andreasliebich.DadJokeIOSUITests;
				PRODUCT_NAME = "$(TARGET_NAME)";
				SWIFT_VERSION = 5.0;
				TARGETED_DEVICE_FAMILY = "1,2";
				TEST_TARGET_NAME = DadJokeIOS;
			};
			name = Release;
		};
/* End XCBuildConfiguration section */

/* Begin XCConfigurationList section */
		1F0C77B625800C2300081407 /* Build configuration list for PBXProject "DadJokeIOS" */ = {
			isa = XCConfigurationList;
			buildConfigurations = (
				1F0C77DE25800C2700081407 /* Debug */,
				1F0C77DF25800C2700081407 /* Release */,
			);
			defaultConfigurationIsVisible = 0;
			defaultConfigurationName = Release;
		};
		1F0C77E025800C2700081407 /* Build configuration list for PBXNativeTarget "DadJokeIOS" */ = {
			isa = XCConfigurationList;
			buildConfigurations = (
				1F0C77E125800C2700081407 /* Debug */,
				1F0C77E225800C2700081407 /* Release */,
			);
			defaultConfigurationIsVisible = 0;
			defaultConfigurationName = Release;
		};
		1F0C77E325800C2700081407 /* Build configuration list for PBXNativeTarget "DadJokeIOSTests" */ = {
			isa = XCConfigurationList;
			buildConfigurations = (
				1F0C77E425800C2700081407 /* Debug */,
				1F0C77E525800C2700081407 /* Release */,
			);
			defaultConfigurationIsVisible = 0;
			defaultConfigurationName = Release;
		};
		1F0C77E625800C2700081407 /* Build configuration list for PBXNativeTarget "DadJokeIOSUITests" */ = {
			isa = XCConfigurationList;
			buildConfigurations = (
				1F0C77E725800C2700081407 /* Debug */,
				1F0C77E825800C2700081407 /* Release */,
			);
			defaultConfigurationIsVisible = 0;
			defaultConfigurationName = Release;
		};
/* End XCConfigurationList section */
	};
	rootObject = 1F0C77B325800C2300081407 /* Project object */;
}
